
Microsoft Visual Studio Solution File, Format Version 12.00
Project("{FAE04EC0-301F-11D3-BF4B-00C04F79EFBC}") = "CF-Core-Tests", "CF-Core-Tests.csproj", "{EB1161FD-6A6E-4E9F-B732-9AC08D030247}"
EndProject
Global
	GlobalSection(SolutionConfigurationPlatforms) = preSolution
		Debug|Any CPU = Debug|Any CPU
		Release|Any CPU = Release|Any CPU
	EndGlobalSection
	GlobalSection(ProjectConfigurationPlatforms) = postSolution
		{EB1161FD-6A6E-4E9F-B732-9AC08D030247}.Debug|Any CPU.ActiveCfg = Debug|Any CPU
		{EB1161FD-6A6E-4E9F-B732-9AC08D030247}.Debug|Any CPU.Build.0 = Debug|Any CPU
		{EB1161FD-6A6E-4E9F-B732-9AC08D030247}.Release|Any CPU.ActiveCfg = Release|Any CPU
		{EB1161FD-6A6E-4E9F-B732-9AC08D030247}.Release|Any CPU.Build.0 = Release|Any CPU
	EndGlobalSection
EndGlobal
